
Microsoft Visual Studio Solution File, Format Version 12.00
# Visual Studio 15
VisualStudioVersion = 15.0.28307.168
MinimumVisualStudioVersion = 10.0.40219.1
Project("{FAE04EC0-301F-11D3-BF4B-00C04F79EFBC}") = "5-20 URLShortener.web", "5-20 URLShortener.web\5-20 URLShortener.web.csproj", "{D1839E02-C950-4446-AF9C-568C1FFB6DA0}"
EndProject
Project("{FAE04EC0-301F-11D3-BF4B-00C04F79EFBC}") = "5-20 URLShortener.data", "5-20 URLShortener.data\5-20 URLShortener.data.csproj", "{DF6B23F3-AE15-4119-A12B-F29F1245489B}"
EndProject
Global
	GlobalSection(SolutionConfigurationPlatforms) = preSolution
		Debug|Any CPU = Debug|Any CPU
		Release|Any CPU = Release|Any CPU
	EndGlobalSection
	GlobalSection(ProjectConfigurationPlatforms) = postSolution
		{D1839E02-C950-4446-AF9C-568C1FFB6DA0}.Debug|Any CPU.ActiveCfg = Debug|Any CPU
		{D1839E02-C950-4446-AF9C-568C1FFB6DA0}.Debug|Any CPU.Build.0 = Debug|Any CPU
		{D1839E02-C950-4446-AF9C-568C1FFB6DA0}.Release|Any CPU.ActiveCfg = Release|Any CPU
		{D1839E02-C950-4446-AF9C-568C1FFB6DA0}.Release|Any CPU.Build.0 = Release|Any CPU
		{DF6B23F3-AE15-4119-A12B-F29F1245489B}.Debug|Any CPU.ActiveCfg = Debug|Any CPU
		{DF6B23F3-AE15-4119-A12B-F29F1245489B}.Debug|Any CPU.Build.0 = Debug|Any CPU
		{DF6B23F3-AE15-4119-A12B-F29F1245489B}.Release|Any CPU.ActiveCfg = Release|Any CPU
		{DF6B23F3-AE15-4119-A12B-F29F1245489B}.Release|Any CPU.Build.0 = Release|Any CPU
	EndGlobalSection
	GlobalSection(SolutionProperties) = preSolution
		HideSolutionNode = FALSE
	EndGlobalSection
	GlobalSection(ExtensibilityGlobals) = postSolution
		SolutionGuid = {E98B166E-E15B-417F-B3CA-0B099A6960B9}
	EndGlobalSection
EndGlobal
